
Microsoft Visual Studio Solution File, Format Version 12.00
# Visual Studio 14
VisualStudioVersion = 14.0.24720.0
MinimumVisualStudioVersion = 10.0.40219.1
Project("{8BC9CEB8-8B4A-11D0-8D11-00A0C91BC942}") = "roulette", "src\roulette.vcxproj", "{7954DF58-9125-433B-9EAE-765C43DF8061}"
EndProject
Project("{8BC9CEB8-8B4A-11D0-8D11-00A0C91BC942}") = "test_bet", "src\test_bet\test_bet.vcxproj", "{69B921D7-20A8-4114-A825-E6C0B73D31F8}"
EndProject
Project("{8BC9CEB8-8B4A-11D0-8D11-00A0C91BC942}") = "test_functions", "src\test_functions\test_functions.vcxproj", "{C241DB5E-79A1-42D7-9B8B-89148875E148}"
EndProject
Project("{8BC9CEB8-8B4A-11D0-8D11-00A0C91BC942}") = "test_pointer", "samples\test_pointer\test_pointer.vcxproj", "{1FFDF3BE-DDEF-408E-A083-150EF7669C0F}"
EndProject
Project("{8BC9CEB8-8B4A-11D0-8D11-00A0C91BC942}") = "test_control", "src\test_control\test_control.vcxproj", "{3370B61D-3D2B-4AAF-89B6-0FFE7D06F340}"
EndProject
Project("{8BC9CEB8-8B4A-11D0-8D11-00A0C91BC942}") = "test_controlset", "src\test_controlset\test_controlset.vcxproj", "{5537AFAB-7040-43F4-8BE1-8CFBB1003321}"
EndProject
Project("{8BC9CEB8-8B4A-11D0-8D11-00A0C91BC942}") = "test_uuid", "samples\test_uuid\test_uuid.vcxproj", "{A2868D2B-0D76-41E9-A187-6DC3DA3CB914}"
EndProject
Global
	GlobalSection(SolutionConfigurationPlatforms) = preSolution
		Debug|x64 = Debug|x64
		Debug|x86 = Debug|x86
		Release|x64 = Release|x64
		Release|x86 = Release|x86
	EndGlobalSection
	GlobalSection(ProjectConfigurationPlatforms) = postSolution
		{7954DF58-9125-433B-9EAE-765C43DF8061}.Debug|x64.ActiveCfg = Debug|x64
		{7954DF58-9125-433B-9EAE-765C43DF8061}.Debug|x64.Build.0 = Debug|x64
		{7954DF58-9125-433B-9EAE-765C43DF8061}.Debug|x86.ActiveCfg = Debug|Win32
		{7954DF58-9125-433B-9EAE-765C43DF8061}.Debug|x86.Build.0 = Debug|Win32
		{7954DF58-9125-433B-9EAE-765C43DF8061}.Release|x64.ActiveCfg = Release|x64
		{7954DF58-9125-433B-9EAE-765C43DF8061}.Release|x64.Build.0 = Release|x64
		{7954DF58-9125-433B-9EAE-765C43DF8061}.Release|x86.ActiveCfg = Release|Win32
		{7954DF58-9125-433B-9EAE-765C43DF8061}.Release|x86.Build.0 = Release|Win32
		{69B921D7-20A8-4114-A825-E6C0B73D31F8}.Debug|x64.ActiveCfg = Debug|x64
		{69B921D7-20A8-4114-A825-E6C0B73D31F8}.Debug|x86.ActiveCfg = Debug|Win32
		{69B921D7-20A8-4114-A825-E6C0B73D31F8}.Debug|x86.Build.0 = Debug|Win32
		{69B921D7-20A8-4114-A825-E6C0B73D31F8}.Release|x64.ActiveCfg = Release|x64
		{69B921D7-20A8-4114-A825-E6C0B73D31F8}.Release|x64.Build.0 = Release|x64
		{69B921D7-20A8-4114-A825-E6C0B73D31F8}.Release|x86.ActiveCfg = Release|Win32
		{69B921D7-20A8-4114-A825-E6C0B73D31F8}.Release|x86.Build.0 = Release|Win32
		{C241DB5E-79A1-42D7-9B8B-89148875E148}.Debug|x64.ActiveCfg = Debug|x64
		{C241DB5E-79A1-42D7-9B8B-89148875E148}.Debug|x64.Build.0 = Debug|x64
		{C241DB5E-79A1-42D7-9B8B-89148875E148}.Debug|x86.ActiveCfg = Debug|Win32
		{C241DB5E-79A1-42D7-9B8B-89148875E148}.Debug|x86.Build.0 = Debug|Win32
		{C241DB5E-79A1-42D7-9B8B-89148875E148}.Release|x64.ActiveCfg = Release|x64
		{C241DB5E-79A1-42D7-9B8B-89148875E148}.Release|x64.Build.0 = Release|x64
		{C241DB5E-79A1-42D7-9B8B-89148875E148}.Release|x86.ActiveCfg = Release|Win32
		{C241DB5E-79A1-42D7-9B8B-89148875E148}.Release|x86.Build.0 = Release|Win32
		{1FFDF3BE-DDEF-408E-A083-150EF7669C0F}.Debug|x64.ActiveCfg = Debug|x64
		{1FFDF3BE-DDEF-408E-A083-150EF7669C0F}.Debug|x64.Build.0 = Debug|x64
		{1FFDF3BE-DDEF-408E-A083-150EF7669C0F}.Debug|x86.ActiveCfg = Debug|Win32
		{1FFDF3BE-DDEF-408E-A083-150EF7669C0F}.Debug|x86.Build.0 = Debug|Win32
		{1FFDF3BE-DDEF-408E-A083-150EF7669C0F}.Release|x64.ActiveCfg = Release|x64
		{1FFDF3BE-DDEF-408E-A083-150EF7669C0F}.Release|x64.Build.0 = Release|x64
		{1FFDF3BE-DDEF-408E-A083-150EF7669C0F}.Release|x86.ActiveCfg = Release|Win32
		{1FFDF3BE-DDEF-408E-A083-150EF7669C0F}.Release|x86.Build.0 = Release|Win32
		{3370B61D-3D2B-4AAF-89B6-0FFE7D06F340}.Debug|x64.ActiveCfg = Debug|x64
		{3370B61D-3D2B-4AAF-89B6-0FFE7D06F340}.Debug|x64.Build.0 = Debug|x64
		{3370B61D-3D2B-4AAF-89B6-0FFE7D06F340}.Debug|x86.ActiveCfg = Debug|Win32
		{3370B61D-3D2B-4AAF-89B6-0FFE7D06F340}.Debug|x86.Build.0 = Debug|Win32
		{3370B61D-3D2B-4AAF-89B6-0FFE7D06F340}.Release|x64.ActiveCfg = Release|x64
		{3370B61D-3D2B-4AAF-89B6-0FFE7D06F340}.Release|x64.Build.0 = Release|x64
		{3370B61D-3D2B-4AAF-89B6-0FFE7D06F340}.Release|x86.ActiveCfg = Release|Win32
		{3370B61D-3D2B-4AAF-89B6-0FFE7D06F340}.Release|x86.Build.0 = Release|Win32
		{5537AFAB-7040-43F4-8BE1-8CFBB1003321}.Debug|x64.ActiveCfg = Debug|x64
		{5537AFAB-7040-43F4-8BE1-8CFBB1003321}.Debug|x64.Build.0 = Debug|x64
		{5537AFAB-7040-43F4-8BE1-8CFBB1003321}.Debug|x86.ActiveCfg = Debug|Win32
		{5537AFAB-7040-43F4-8BE1-8CFBB1003321}.Debug|x86.Build.0 = Debug|Win32
		{5537AFAB-7040-43F4-8BE1-8CFBB1003321}.Release|x64.ActiveCfg = Release|x64
		{5537AFAB-7040-43F4-8BE1-8CFBB1003321}.Release|x64.Build.0 = Release|x64
		{5537AFAB-7040-43F4-8BE1-8CFBB1003321}.Release|x86.ActiveCfg = Release|Win32
		{5537AFAB-7040-43F4-8BE1-8CFBB1003321}.Release|x86.Build.0 = Release|Win32
		{A2868D2B-0D76-41E9-A187-6DC3DA3CB914}.Debug|x64.ActiveCfg = Debug|x64
		{A2868D2B-0D76-41E9-A187-6DC3DA3CB914}.Debug|x64.Build.0 = Debug|x64
		{A2868D2B-0D76-41E9-A187-6DC3DA3CB914}.Debug|x86.ActiveCfg = Debug|Win32
		{A2868D2B-0D76-41E9-A187-6DC3DA3CB914}.Debug|x86.Build.0 = Debug|Win32
		{A2868D2B-0D76-41E9-A187-6DC3DA3CB914}.Release|x64.ActiveCfg = Release|x64
		{A2868D2B-0D76-41E9-A187-6DC3DA3CB914}.Release|x64.Build.0 = Release|x64
		{A2868D2B-0D76-41E9-A187-6DC3DA3CB914}.Release|x86.ActiveCfg = Release|Win32
		{A2868D2B-0D76-41E9-A187-6DC3DA3CB914}.Release|x86.Build.0 = Release|Win32
	EndGlobalSection
	GlobalSection(SolutionProperties) = preSolution
		HideSolutionNode = FALSE
	EndGlobalSection
EndGlobal
