<?xml version="1.0" encoding="utf-8"?>
<Project ToolsVersion="4.0" xmlns="http://schemas.microsoft.com/developer/msbuild/2003">
  <ItemGroup>
    <Filter Include="Source Files">
      <UniqueIdentifier>{4FC737F1-C7A5-4376-A066-2A32D752A2FF}</UniqueIdentifier>
      <Extensions>cpp;c;cc;cxx;def;odl;idl;hpj;bat;asm;asmx</Extensions>
    </Filter>
    <Filter Include="Header Files">
      <UniqueIdentifier>{93995380-89BD-4b04-88EB-625FBE52EBFB}</UniqueIdentifier>
      <Extensions>h;hh;hpp;hxx;hm;inl;inc;xsd</Extensions>
    </Filter>
    <Filter Include="Resource Files">
      <UniqueIdentifier>{4b06d344-866f-49e8-a419-a13d5d2f3746}</UniqueIdentifier>
    </Filter>
  </ItemGroup>
  <ItemGroup>
    <None Include="roulette.ruleset" />
  </ItemGroup>
  <ItemGroup>
    <Image Include="..\icons\chip1.ico">
      <Filter>Resource Files</Filter>
    </Image>
    <Image Include="..\icons\chip5.ico">
      <Filter>Resource Files</Filter>
    </Image>
    <Image Include="..\icons\chip25.ico">
      <Filter>Resource Files</Filter>
    </Image>
    <Image Include="..\icons\chip50.ico">
      <Filter>Resource Files</Filter>
    </Image>
    <Image Include="..\icons\chip100.ico">
      <Filter>Resource Files</Filter>
    </Image>
    <Image Include="..\icons\eraser.ico">
      <Filter>Resource Files</Filter>
    </Image>
    <Image Include="..\icons\roulette.ico">
      <Filter>Resource Files</Filter>
    </Image>
  </ItemGroup>
  <ItemGroup>
    <ClCompile Include="..\base_control.cc">
      <Filter>Source Files</Filter>
    </ClCompile>
    <ClCompile Include="..\bet.cc">
      <Filter>Source Files</Filter>
    </ClCompile>
    <ClCompile Include="..\chip.cc">
      <Filter>Source Files</Filter>
    </ClCompile>
    <ClCompile Include="..\color.cc">
      <Filter>Source Files</Filter>
    </ClCompile>
    <ClCompile Include="..\control.cc">
      <Filter>Source Files</Filter>
    </ClCompile>
    <ClCompile Include="..\engine.cc">
      <Filter>Source Files</Filter>
    </ClCompile>
    <ClCompile Include="..\error.cc">
      <Filter>Source Files</Filter>
    </ClCompile>
    <ClCompile Include="..\field.cc">
      <Filter>Source Files</Filter>
    </ClCompile>
    <ClCompile Include="..\history.cc">
      <Filter>Source Files</Filter>
    </ClCompile>
    <ClCompile Include="..\infobar.cc">
      <Filter>Source Files</Filter>
    </ClCompile>
    <ClCompile Include="..\main.cc">
      <Filter>Source Files</Filter>
    </ClCompile>
    <ClCompile Include="..\pch.cc">
      <Filter>Source Files</Filter>
    </ClCompile>
    <ClCompile Include="..\sets.cc">
      <Filter>Source Files</Filter>
    </ClCompile>
    <ClCompile Include="..\table.cc">
      <Filter>Source Files</Filter>
    </ClCompile>
    <ClCompile Include="..\types.cc">
      <Filter>Source Files</Filter>
    </ClCompile>
    <ClCompile Include="..\window.cc">
      <Filter>Source Files</Filter>
    </ClCompile>
    <ClCompile Include="..\wheel.cc">
      <Filter>Source Files</Filter>
    </ClCompile>
    <ClCompile Include="..\racetrack.cc">
      <Filter>Source Files</Filter>
    </ClCompile>
    <ClCompile Include="..\base_field.cc">
      <Filter>Source Files</Filter>
    </ClCompile>
  </ItemGroup>
  <ItemGroup>
    <ClInclude Include="..\base_control.hh">
      <Filter>Header Files</Filter>
    </ClInclude>
    <ClInclude Include="..\bet.hh">
      <Filter>Header Files</Filter>
    </ClInclude>
    <ClInclude Include="..\chip.hh">
      <Filter>Header Files</Filter>
    </ClInclude>
    <ClInclude Include="..\color.hh">
      <Filter>Header Files</Filter>
    </ClInclude>
    <ClInclude Include="..\control.hh">
      <Filter>Header Files</Filter>
    </ClInclude>
    <ClInclude Include="..\engine.hh">
      <Filter>Header Files</Filter>
    </ClInclude>
    <ClInclude Include="..\error.hh">
      <Filter>Header Files</Filter>
    </ClInclude>
    <ClInclude Include="..\field.hh">
      <Filter>Header Files</Filter>
    </ClInclude>
    <ClInclude Include="..\history.hh">
      <Filter>Header Files</Filter>
    </ClInclude>
    <ClInclude Include="..\infobar.hh">
      <Filter>Header Files</Filter>
    </ClInclude>
    <ClInclude Include="..\main.hh">
      <Filter>Header Files</Filter>
    </ClInclude>
    <ClInclude Include="..\pch.hh">
      <Filter>Header Files</Filter>
    </ClInclude>
    <ClInclude Include="..\sets.hh">
      <Filter>Header Files</Filter>
    </ClInclude>
    <ClInclude Include="..\table.hh">
      <Filter>Header Files</Filter>
    </ClInclude>
    <ClInclude Include="..\window.hh">
      <Filter>Header Files</Filter>
    </ClInclude>
    <ClInclude Include="..\types.hh">
      <Filter>Header Files</Filter>
    </ClInclude>
    <ClInclude Include="..\pragmas.hh">
      <Filter>Header Files</Filter>
    </ClInclude>
    <ClInclude Include="..\wheel.hh">
      <Filter>Header Files</Filter>
    </ClInclude>
    <ClInclude Include="..\racetrack.hh">
      <Filter>Header Files</Filter>
    </ClInclude>
    <ClInclude Include="..\base_field.hh">
      <Filter>Header Files</Filter>
    </ClInclude>
  </ItemGroup>
</Project>