<?xml version="1.0" encoding="utf-8"?>
<Project ToolsVersion="4.0" xmlns="http://schemas.microsoft.com/developer/msbuild/2003">
  <ItemGroup>
    <Filter Include="Source Files">
      <UniqueIdentifier>{4FC737F1-C7A5-4376-A066-2A32D752A2FF}</UniqueIdentifier>
      <Extensions>cpp;c;cc;cxx;def;odl;idl;hpj;bat;asm;asmx</Extensions>
    </Filter>
    <Filter Include="Header Files">
      <UniqueIdentifier>{93995380-89BD-4b04-88EB-625FBE52EBFB}</UniqueIdentifier>
      <Extensions>h;hh;hpp;hxx;hm;inl;inc;xsd</Extensions>
    </Filter>
    <Filter Include="Resource Files">
      <UniqueIdentifier>{4b06d344-866f-49e8-a419-a13d5d2f3746}</UniqueIdentifier>
    </Filter>
  </ItemGroup>
  <ItemGroup>
    <ClInclude Include="chipset.hh">
      <Filter>Header Files</Filter>
    </ClInclude>
    <ClInclude Include="chip.hh">
      <Filter>Header Files</Filter>
    </ClInclude>
    <ClInclude Include="control.hh">
      <Filter>Header Files</Filter>
    </ClInclude>
    <ClInclude Include="controlset.hh">
      <Filter>Header Files</Filter>
    </ClInclude>
    <ClInclude Include="history.hh">
      <Filter>Header Files</Filter>
    </ClInclude>
    <ClInclude Include="field.hh">
      <Filter>Header Files</Filter>
    </ClInclude>
    <ClInclude Include="sets.hh">
      <Filter>Header Files</Filter>
    </ClInclude>
    <ClInclude Include="pch.hh">
      <Filter>Header Files</Filter>
    </ClInclude>
    <ClInclude Include="table.hh">
      <Filter>Header Files</Filter>
    </ClInclude>
    <ClInclude Include="window.hh">
      <Filter>Header Files</Filter>
    </ClInclude>
  </ItemGroup>
  <ItemGroup>
    <ClCompile Include="table.cc">
      <Filter>Source Files</Filter>
    </ClCompile>
    <ClCompile Include="field.cc">
      <Filter>Source Files</Filter>
    </ClCompile>
    <ClCompile Include="chipset.cc">
      <Filter>Source Files</Filter>
    </ClCompile>
    <ClCompile Include="chip.cc">
      <Filter>Source Files</Filter>
    </ClCompile>
    <ClCompile Include="control.cc">
      <Filter>Source Files</Filter>
    </ClCompile>
    <ClCompile Include="controlset.cc">
      <Filter>Source Files</Filter>
    </ClCompile>
    <ClCompile Include="main.cc">
      <Filter>Source Files</Filter>
    </ClCompile>
    <ClCompile Include="window.cc">
      <Filter>Source Files</Filter>
    </ClCompile>
    <ClCompile Include="sets.cc">
      <Filter>Source Files</Filter>
    </ClCompile>
    <ClCompile Include="pch.cc">
      <Filter>Source Files</Filter>
    </ClCompile>
    <ClCompile Include="history.cc">
      <Filter>Source Files</Filter>
    </ClCompile>
  </ItemGroup>
  <ItemGroup>
    <Image Include="chip1.ico">
      <Filter>Resource Files</Filter>
    </Image>
    <Image Include="chip5.ico">
      <Filter>Resource Files</Filter>
    </Image>
    <Image Include="chip25.ico">
      <Filter>Resource Files</Filter>
    </Image>
    <Image Include="chip50.ico">
      <Filter>Resource Files</Filter>
    </Image>
    <Image Include="chip100.ico">
      <Filter>Resource Files</Filter>
    </Image>
    <Image Include="roulette.ico">
      <Filter>Resource Files</Filter>
    </Image>
  </ItemGroup>
</Project>